// !$*UTF8*$!
{
	archiveVersion = 1;
	classes = {
	};
	objectVersion = 56;
	objects = {

/* Begin PBXBuildFile section */
		FFA3D9C72B76083200AA85C3 /* _0_20_20App.swift in Sources */ = {isa = PBXBuildFile; fileRef = FFA3D9C62B76083200AA85C3 /* _0_20_20App.swift */; };
		FFA3D9C92B76083200AA85C3 /* ContentView.swift in Sources */ = {isa = PBXBuildFile; fileRef = FFA3D9C82B76083200AA85C3 /* ContentView.swift */; };
		FFA3D9CB2B76083400AA85C3 /* Assets.xcassets in Resources */ = {isa = PBXBuildFile; fileRef = FFA3D9CA2B76083400AA85C3 /* Assets.xcassets */; };
		FFA3D9CE2B76083400AA85C3 /* Preview Assets.xcassets in Resources */ = {isa = PBXBuildFile; fileRef = FFA3D9CD2B76083400AA85C3 /* Preview Assets.xcassets */; };
		FFA3D9D82B76083400AA85C3 /* _0_20_20Tests.swift in Sources */ = {isa = PBXBuildFile; fileRef = FFA3D9D72B76083400AA85C3 /* _0_20_20Tests.swift */; };
		FFA3D9E22B76083400AA85C3 /* _0_20_20UITests.swift in Sources */ = {isa = PBXBuildFile; fileRef = FFA3D9E12B76083400AA85C3 /* _0_20_20UITests.swift */; };
		FFA3D9E42B76083400AA85C3 /* _0_20_20UITestsLaunchTests.swift in Sources */ = {isa = PBXBuildFile; fileRef = FFA3D9E32B76083400AA85C3 /* _0_20_20UITestsLaunchTests.swift */; };
/* End PBXBuildFile section */

/* Begin PBXContainerItemProxy section */
		FFA3D9D42B76083400AA85C3 /* PBXContainerItemProxy */ = {
			isa = PBXContainerItemProxy;
			containerPortal = FFA3D9BB2B76083200AA85C3 /* Project object */;
			proxyType = 1;
			remoteGlobalIDString = FFA3D9C22B76083200AA85C3;
			remoteInfo = "20-20-20";
		};
		FFA3D9DE2B76083400AA85C3 /* PBXContainerItemProxy */ = {
			isa = PBXContainerItemProxy;
			containerPortal = FFA3D9BB2B76083200AA85C3 /* Project object */;
			proxyType = 1;
			remoteGlobalIDString = FFA3D9C22B76083200AA85C3;
			remoteInfo = "20-20-20";
		};
/* End PBXContainerItemProxy section */

/* Begin PBXFileReference section */
		FFA3D9C32B76083200AA85C3 /* 20-20-20.app */ = {isa = PBXFileReference; explicitFileType = wrapper.application; includeInIndex = 0; path = "20-20-20.app"; sourceTree = BUILT_PRODUCTS_DIR; };
		FFA3D9C62B76083200AA85C3 /* _0_20_20App.swift */ = {isa = PBXFileReference; lastKnownFileType = sourcecode.swift; path = _0_20_20App.swift; sourceTree = "<group>"; };
		FFA3D9C82B76083200AA85C3 /* ContentView.swift */ = {isa = PBXFileReference; lastKnownFileType = sourcecode.swift; path = ContentView.swift; sourceTree = "<group>"; };
		FFA3D9CA2B76083400AA85C3 /* Assets.xcassets */ = {isa = PBXFileReference; lastKnownFileType = folder.assetcatalog; path = Assets.xcassets; sourceTree = "<group>"; };
		FFA3D9CD2B76083400AA85C3 /* Preview Assets.xcassets */ = {isa = PBXFileReference; lastKnownFileType = folder.assetcatalog; path = "Preview Assets.xcassets"; sourceTree = "<group>"; };
		FFA3D9D32B76083400AA85C3 /* 20-20-20Tests.xctest */ = {isa = PBXFileReference; explicitFileType = wrapper.cfbundle; includeInIndex = 0; path = "20-20-20Tests.xctest"; sourceTree = BUILT_PRODUCTS_DIR; };
		FFA3D9D72B76083400AA85C3 /* _0_20_20Tests.swift */ = {isa = PBXFileReference; lastKnownFileType = sourcecode.swift; path = _0_20_20Tests.swift; sourceTree = "<group>"; };
		FFA3D9DD2B76083400AA85C3 /* 20-20-20UITests.xctest */ = {isa = PBXFileReference; explicitFileType = wrapper.cfbundle; includeInIndex = 0; path = "20-20-20UITests.xctest"; sourceTree = BUILT_PRODUCTS_DIR; };
		FFA3D9E12B76083400AA85C3 /* _0_20_20UITests.swift */ = {isa = PBXFileReference; lastKnownFileType = sourcecode.swift; path = _0_20_20UITests.swift; sourceTree = "<group>"; };
		FFA3D9E32B76083400AA85C3 /* _0_20_20UITestsLaunchTests.swift */ = {isa = PBXFileReference; lastKnownFileType = sourcecode.swift; path = _0_20_20UITestsLaunchTests.swift; sourceTree = "<group>"; };
/* End PBXFileReference section */

/* Begin PBXFrameworksBuildPhase section */
		FFA3D9C02B76083200AA85C3 /* Frameworks */ = {
			isa = PBXFrameworksBuildPhase;
			buildActionMask = 2147483647;
			files = (
			);
			runOnlyForDeploymentPostprocessing = 0;
		};
		FFA3D9D02B76083400AA85C3 /* Frameworks */ = {
			isa = PBXFrameworksBuildPhase;
			buildActionMask = 2147483647;
			files = (
			);
			runOnlyForDeploymentPostprocessing = 0;
		};
		FFA3D9DA2B76083400AA85C3 /* Frameworks */ = {
			isa = PBXFrameworksBuildPhase;
			buildActionMask = 2147483647;
			files = (
			);
			runOnlyForDeploymentPostprocessing = 0;
		};
/* End PBXFrameworksBuildPhase section */

/* Begin PBXGroup section */
		FFA3D9BA2B76083200AA85C3 = {
			isa = PBXGroup;
			children = (
				FFA3D9C52B76083200AA85C3 /* 20-20-20 */,
				FFA3D9D62B76083400AA85C3 /* 20-20-20Tests */,
				FFA3D9E02B76083400AA85C3 /* 20-20-20UITests */,
				FFA3D9C42B76083200AA85C3 /* Products */,
			);
			sourceTree = "<group>";
		};
		FFA3D9C42B76083200AA85C3 /* Products */ = {
			isa = PBXGroup;
			children = (
				FFA3D9C32B76083200AA85C3 /* 20-20-20.app */,
				FFA3D9D32B76083400AA85C3 /* 20-20-20Tests.xctest */,
				FFA3D9DD2B76083400AA85C3 /* 20-20-20UITests.xctest */,
			);
			name = Products;
			sourceTree = "<group>";
		};
		FFA3D9C52B76083200AA85C3 /* 20-20-20 */ = {
			isa = PBXGroup;
			children = (
				FFA3D9C62B76083200AA85C3 /* _0_20_20App.swift */,
				FFA3D9C82B76083200AA85C3 /* ContentView.swift */,
				FFA3D9CA2B76083400AA85C3 /* Assets.xcassets */,
				FFA3D9CC2B76083400AA85C3 /* Preview Content */,
			);
			path = "20-20-20";
			sourceTree = "<group>";
		};
		FFA3D9CC2B76083400AA85C3 /* Preview Content */ = {
			isa = PBXGroup;
			children = (
				FFA3D9CD2B76083400AA85C3 /* Preview Assets.xcassets */,
			);
			path = "Preview Content";
			sourceTree = "<group>";
		};
		FFA3D9D62B76083400AA85C3 /* 20-20-20Tests */ = {
			isa = PBXGroup;
			children = (
				FFA3D9D72B76083400AA85C3 /* _0_20_20Tests.swift */,
			);
			path = "20-20-20Tests";
			sourceTree = "<group>";
		};
		FFA3D9E02B76083400AA85C3 /* 20-20-20UITests */ = {
			isa = PBXGroup;
			children = (
				FFA3D9E12B76083400AA85C3 /* _0_20_20UITests.swift */,
				FFA3D9E32B76083400AA85C3 /* _0_20_20UITestsLaunchTests.swift */,
			);
			path = "20-20-20UITests";
			sourceTree = "<group>";
		};
/* End PBXGroup section */

/* Begin PBXNativeTarget section */
		FFA3D9C22B76083200AA85C3 /* 20-20-20 */ = {
			isa = PBXNativeTarget;
			buildConfigurationList = FFA3D9E72B76083400AA85C3 /* Build configuration list for PBXNativeTarget "20-20-20" */;
			buildPhases = (
				FFA3D9BF2B76083200AA85C3 /* Sources */,
				FFA3D9C02B76083200AA85C3 /* Frameworks */,
				FFA3D9C12B76083200AA85C3 /* Resources */,
			);
			buildRules = (
			);
			dependencies = (
			);
			name = "20-20-20";
			productName = "20-20-20";
			productReference = FFA3D9C32B76083200AA85C3 /* 20-20-20.app */;
			productType = "com.apple.product-type.application";
		};
		FFA3D9D22B76083400AA85C3 /* 20-20-20Tests */ = {
			isa = PBXNativeTarget;
			buildConfigurationList = FFA3D9EA2B76083400AA85C3 /* Build configuration list for PBXNativeTarget "20-20-20Tests" */;
			buildPhases = (
				FFA3D9CF2B76083400AA85C3 /* Sources */,
				FFA3D9D02B76083400AA85C3 /* Frameworks */,
				FFA3D9D12B76083400AA85C3 /* Resources */,
			);
			buildRules = (
			);
			dependencies = (
				FFA3D9D52B76083400AA85C3 /* PBXTargetDependency */,
			);
			name = "20-20-20Tests";
			productName = "20-20-20Tests";
			productReference = FFA3D9D32B76083400AA85C3 /* 20-20-20Tests.xctest */;
			productType = "com.apple.product-type.bundle.unit-test";
		};
		FFA3D9DC2B76083400AA85C3 /* 20-20-20UITests */ = {
			isa = PBXNativeTarget;
			buildConfigurationList = FFA3D9ED2B76083400AA85C3 /* Build configuration list for PBXNativeTarget "20-20-20UITests" */;
			buildPhases = (
				FFA3D9D92B76083400AA85C3 /* Sources */,
				FFA3D9DA2B76083400AA85C3 /* Frameworks */,
				FFA3D9DB2B76083400AA85C3 /* Resources */,
			);
			buildRules = (
			);
			dependencies = (
				FFA3D9DF2B76083400AA85C3 /* PBXTargetDependency */,
			);
			name = "20-20-20UITests";
			productName = "20-20-20UITests";
			productReference = FFA3D9DD2B76083400AA85C3 /* 20-20-20UITests.xctest */;
			productType = "com.apple.product-type.bundle.ui-testing";
		};
/* End PBXNativeTarget section */

/* Begin PBXProject section */
		FFA3D9BB2B76083200AA85C3 /* Project object */ = {
			isa = PBXProject;
			attributes = {
				BuildIndependentTargetsInParallel = 1;
				LastSwiftUpdateCheck = 1520;
				LastUpgradeCheck = 1520;
				TargetAttributes = {
					FFA3D9C22B76083200AA85C3 = {
						CreatedOnToolsVersion = 15.2;
					};
					FFA3D9D22B76083400AA85C3 = {
						CreatedOnToolsVersion = 15.2;
						TestTargetID = FFA3D9C22B76083200AA85C3;
					};
					FFA3D9DC2B76083400AA85C3 = {
						CreatedOnToolsVersion = 15.2;
						TestTargetID = FFA3D9C22B76083200AA85C3;
					};
				};
			};
			buildConfigurationList = FFA3D9BE2B76083200AA85C3 /* Build configuration list for PBXProject "20-20-20" */;
			compatibilityVersion = "Xcode 14.0";
			developmentRegion = en;
			hasScannedForEncodings = 0;
			knownRegions = (
				en,
				Base,
			);
			mainGroup = FFA3D9BA2B76083200AA85C3;
			productRefGroup = FFA3D9C42B76083200AA85C3 /* Products */;
			projectDirPath = "";
			projectRoot = "";
			targets = (
				FFA3D9C22B76083200AA85C3 /* 20-20-20 */,
				FFA3D9D22B76083400AA85C3 /* 20-20-20Tests */,
				FFA3D9DC2B76083400AA85C3 /* 20-20-20UITests */,
			);
		};
/* End PBXProject section */

/* Begin PBXResourcesBuildPhase section */
		FFA3D9C12B76083200AA85C3 /* Resources */ = {
			isa = PBXResourcesBuildPhase;
			buildActionMask = 2147483647;
			files = (
				FFA3D9CE2B76083400AA85C3 /* Preview Assets.xcassets in Resources */,
				FFA3D9CB2B76083400AA85C3 /* Assets.xcassets in Resources */,
			);
			runOnlyForDeploymentPostprocessing = 0;
		};
		FFA3D9D12B76083400AA85C3 /* Resources */ = {
			isa = PBXResourcesBuildPhase;
			buildActionMask = 2147483647;
			files = (
			);
			runOnlyForDeploymentPostprocessing = 0;
		};
		FFA3D9DB2B76083400AA85C3 /* Resources */ = {
			isa = PBXResourcesBuildPhase;
			buildActionMask = 2147483647;
			files = (
			);
			runOnlyForDeploymentPostprocessing = 0;
		};
/* End PBXResourcesBuildPhase section */

/* Begin PBXSourcesBuildPhase section */
		FFA3D9BF2B76083200AA85C3 /* Sources */ = {
			isa = PBXSourcesBuildPhase;
			buildActionMask = 2147483647;
			files = (
				FFA3D9C92B76083200AA85C3 /* ContentView.swift in Sources */,
				FFA3D9C72B76083200AA85C3 /* _0_20_20App.swift in Sources */,
			);
			runOnlyForDeploymentPostprocessing = 0;
		};
		FFA3D9CF2B76083400AA85C3 /* Sources */ = {
			isa = PBXSourcesBuildPhase;
			buildActionMask = 2147483647;
			files = (
				FFA3D9D82B76083400AA85C3 /* _0_20_20Tests.swift in Sources */,
			);
			runOnlyForDeploymentPostprocessing = 0;
		};
		FFA3D9D92B76083400AA85C3 /* Sources */ = {
			isa = PBXSourcesBuildPhase;
			buildActionMask = 2147483647;
			files = (
				FFA3D9E42B76083400AA85C3 /* _0_20_20UITestsLaunchTests.swift in Sources */,
				FFA3D9E22B76083400AA85C3 /* _0_20_20UITests.swift in Sources */,
			);
			runOnlyForDeploymentPostprocessing = 0;
		};
/* End PBXSourcesBuildPhase section */

/* Begin PBXTargetDependency section */
		FFA3D9D52B76083400AA85C3 /* PBXTargetDependency */ = {
			isa = PBXTargetDependency;
			target = FFA3D9C22B76083200AA85C3 /* 20-20-20 */;
			targetProxy = FFA3D9D42B76083400AA85C3 /* PBXContainerItemProxy */;
		};
		FFA3D9DF2B76083400AA85C3 /* PBXTargetDependency */ = {
			isa = PBXTargetDependency;
			target = FFA3D9C22B76083200AA85C3 /* 20-20-20 */;
			targetProxy = FFA3D9DE2B76083400AA85C3 /* PBXContainerItemProxy */;
		};
/* End PBXTargetDependency section */

/* Begin XCBuildConfiguration section */
		FFA3D9E52B76083400AA85C3 /* Debug */ = {
			isa = XCBuildConfiguration;
			buildSettings = {
				ALWAYS_SEARCH_USER_PATHS = NO;
				ASSETCATALOG_COMPILER_GENERATE_SWIFT_ASSET_SYMBOL_EXTENSIONS = YES;
				CLANG_ANALYZER_NONNULL = YES;
				CLANG_ANALYZER_NUMBER_OBJECT_CONVERSION = YES_AGGRESSIVE;
				CLANG_CXX_LANGUAGE_STANDARD = "gnu++20";
				CLANG_ENABLE_MODULES = YES;
				CLANG_ENABLE_OBJC_ARC = YES;
				CLANG_ENABLE_OBJC_WEAK = YES;
				CLANG_WARN_BLOCK_CAPTURE_AUTORELEASING = YES;
				CLANG_WARN_BOOL_CONVERSION = YES;
				CLANG_WARN_COMMA = YES;
				CLANG_WARN_CONSTANT_CONVERSION = YES;
				CLANG_WARN_DEPRECATED_OBJC_IMPLEMENTATIONS = YES;
				CLANG_WARN_DIRECT_OBJC_ISA_USAGE = YES_ERROR;
				CLANG_WARN_DOCUMENTATION_COMMENTS = YES;
				CLANG_WARN_EMPTY_BODY = YES;
				CLANG_WARN_ENUM_CONVERSION = YES;
				CLANG_WARN_INFINITE_RECURSION = YES;
				CLANG_WARN_INT_CONVERSION = YES;
				CLANG_WARN_NON_LITERAL_NULL_CONVERSION = YES;
				CLANG_WARN_OBJC_IMPLICIT_RETAIN_SELF = YES;
				CLANG_WARN_OBJC_LITERAL_CONVERSION = YES;
				CLANG_WARN_OBJC_ROOT_CLASS = YES_ERROR;
				CLANG_WARN_QUOTED_INCLUDE_IN_FRAMEWORK_HEADER = YES;
				CLANG_WARN_RANGE_LOOP_ANALYSIS = YES;
				CLANG_WARN_STRICT_PROTOTYPES = YES;
				CLANG_WARN_SUSPICIOUS_MOVE = YES;
				CLANG_WARN_UNGUARDED_AVAILABILITY = YES_AGGRESSIVE;
				CLANG_WARN_UNREACHABLE_CODE = YES;
				CLANG_WARN__DUPLICATE_METHOD_MATCH = YES;
				COPY_PHASE_STRIP = NO;
				DEBUG_INFORMATION_FORMAT = dwarf;
				ENABLE_STRICT_OBJC_MSGSEND = YES;
				ENABLE_TESTABILITY = YES;
				ENABLE_USER_SCRIPT_SANDBOXING = YES;
				GCC_C_LANGUAGE_STANDARD = gnu17;
				GCC_DYNAMIC_NO_PIC = NO;
				GCC_NO_COMMON_BLOCKS = YES;
				GCC_OPTIMIZATION_LEVEL = 0;
				GCC_PREPROCESSOR_DEFINITIONS = (
					"DEBUG=1",
					"$(inherited)",
				);
				GCC_WARN_64_TO_32_BIT_CONVERSION = YES;
				GCC_WARN_ABOUT_RETURN_TYPE = YES_ERROR;
				GCC_WARN_UNDECLARED_SELECTOR = YES;
				GCC_WARN_UNINITIALIZED_AUTOS = YES_AGGRESSIVE;
				GCC_WARN_UNUSED_FUNCTION = YES;
				GCC_WARN_UNUSED_VARIABLE = YES;
				IPHONEOS_DEPLOYMENT_TARGET = 17.2;
				LOCALIZATION_PREFERS_STRING_CATALOGS = YES;
				MTL_ENABLE_DEBUG_INFO = INCLUDE_SOURCE;
				MTL_FAST_MATH = YES;
				ONLY_ACTIVE_ARCH = YES;
				SDKROOT = iphoneos;
				SWIFT_ACTIVE_COMPILATION_CONDITIONS = "DEBUG $(inherited)";
				SWIFT_OPTIMIZATION_LEVEL = "-Onone";
			};
			name = Debug;
		};
		FFA3D9E62B76083400AA85C3 /* Release */ = {
			isa = XCBuildConfiguration;
			buildSettings = {
				ALWAYS_SEARCH_USER_PATHS = NO;
				ASSETCATALOG_COMPILER_GENERATE_SWIFT_ASSET_SYMBOL_EXTENSIONS = YES;
				CLANG_ANALYZER_NONNULL = YES;
				CLANG_ANALYZER_NUMBER_OBJECT_CONVERSION = YES_AGGRESSIVE;
				CLANG_CXX_LANGUAGE_STANDARD = "gnu++20";
				CLANG_ENABLE_MODULES = YES;
				CLANG_ENABLE_OBJC_ARC = YES;
				CLANG_ENABLE_OBJC_WEAK = YES;
				CLANG_WARN_BLOCK_CAPTURE_AUTORELEASING = YES;
				CLANG_WARN_BOOL_CONVERSION = YES;
				CLANG_WARN_COMMA = YES;
				CLANG_WARN_CONSTANT_CONVERSION = YES;
				CLANG_WARN_DEPRECATED_OBJC_IMPLEMENTATIONS = YES;
				CLANG_WARN_DIRECT_OBJC_ISA_USAGE = YES_ERROR;
				CLANG_WARN_DOCUMENTATION_COMMENTS = YES;
				CLANG_WARN_EMPTY_BODY = YES;
				CLANG_WARN_ENUM_CONVERSION = YES;
				CLANG_WARN_INFINITE_RECURSION = YES;
				CLANG_WARN_INT_CONVERSION = YES;
				CLANG_WARN_NON_LITERAL_NULL_CONVERSION = YES;
				CLANG_WARN_OBJC_IMPLICIT_RETAIN_SELF = YES;
				CLANG_WARN_OBJC_LITERAL_CONVERSION = YES;
				CLANG_WARN_OBJC_ROOT_CLASS = YES_ERROR;
				CLANG_WARN_QUOTED_INCLUDE_IN_FRAMEWORK_HEADER = YES;
				CLANG_WARN_RANGE_LOOP_ANALYSIS = YES;
				CLANG_WARN_STRICT_PROTOTYPES = YES;
				CLANG_WARN_SUSPICIOUS_MOVE = YES;
				CLANG_WARN_UNGUARDED_AVAILABILITY = YES_AGGRESSIVE;
				CLANG_WARN_UNREACHABLE_CODE = YES;
				CLANG_WARN__DUPLICATE_METHOD_MATCH = YES;
				COPY_PHASE_STRIP = NO;
				DEBUG_INFORMATION_FORMAT = "dwarf-with-dsym";
				ENABLE_NS_ASSERTIONS = NO;
				ENABLE_STRICT_OBJC_MSGSEND = YES;
				ENABLE_USER_SCRIPT_SANDBOXING = YES;
				GCC_C_LANGUAGE_STANDARD = gnu17;
				GCC_NO_COMMON_BLOCKS = YES;
				GCC_WARN_64_TO_32_BIT_CONVERSION = YES;
				GCC_WARN_ABOUT_RETURN_TYPE = YES_ERROR;
				GCC_WARN_UNDECLARED_SELECTOR = YES;
				GCC_WARN_UNINITIALIZED_AUTOS = YES_AGGRESSIVE;
				GCC_WARN_UNUSED_FUNCTION = YES;
				GCC_WARN_UNUSED_VARIABLE = YES;
				IPHONEOS_DEPLOYMENT_TARGET = 17.2;
				LOCALIZATION_PREFERS_STRING_CATALOGS = YES;
				MTL_ENABLE_DEBUG_INFO = NO;
				MTL_FAST_MATH = YES;
				SDKROOT = iphoneos;
				SWIFT_COMPILATION_MODE = wholemodule;
				VALIDATE_PRODUCT = YES;
			};
			name = Release;
		};
		FFA3D9E82B76083400AA85C3 /* Debug */ = {
			isa = XCBuildConfiguration;
			buildSettings = {
				ASSETCATALOG_COMPILER_APPICON_NAME = AppIcon;
				ASSETCATALOG_COMPILER_GLOBAL_ACCENT_COLOR_NAME = AccentColor;
				CODE_SIGN_STYLE = Automatic;
				CURRENT_PROJECT_VERSION = 1;
				DEVELOPMENT_ASSET_PATHS = "\"20-20-20/Preview Content\"";
				DEVELOPMENT_TEAM = W573MA4M87;
				ENABLE_PREVIEWS = YES;
				GENERATE_INFOPLIST_FILE = YES;
				INFOPLIST_KEY_UIApplicationSceneManifest_Generation = YES;
				INFOPLIST_KEY_UIApplicationSupportsIndirectInputEvents = YES;
				INFOPLIST_KEY_UILaunchScreen_Generation = YES;
				INFOPLIST_KEY_UISupportedInterfaceOrientations_iPad = "UIInterfaceOrientationPortrait UIInterfaceOrientationPortraitUpsideDown UIInterfaceOrientationLandscapeLeft UIInterfaceOrientationLandscapeRight";
				INFOPLIST_KEY_UISupportedInterfaceOrientations_iPhone = "UIInterfaceOrientationPortrait UIInterfaceOrientationLandscapeLeft UIInterfaceOrientationLandscapeRight";
				LD_RUNPATH_SEARCH_PATHS = (
					"$(inherited)",
					"@executable_path/Frameworks",
				);
				MARKETING_VERSION = 1.0;
				PRODUCT_BUNDLE_IDENTIFIER = "TobysLab.-0-20-20";
				PRODUCT_NAME = "$(TARGET_NAME)";
				SWIFT_EMIT_LOC_STRINGS = YES;
				SWIFT_VERSION = 5.0;
				TARGETED_DEVICE_FAMILY = "1,2";
			};
			name = Debug;
		};
		FFA3D9E92B76083400AA85C3 /* Release */ = {
			isa = XCBuildConfiguration;
			buildSettings = {
				ASSETCATALOG_COMPILER_APPICON_NAME = AppIcon;
				ASSETCATALOG_COMPILER_GLOBAL_ACCENT_COLOR_NAME = AccentColor;
				CODE_SIGN_STYLE = Automatic;
				CURRENT_PROJECT_VERSION = 1;
				DEVELOPMENT_ASSET_PATHS = "\"20-20-20/Preview Content\"";
				DEVELOPMENT_TEAM = W573MA4M87;
				ENABLE_PREVIEWS = YES;
				GENERATE_INFOPLIST_FILE = YES;
				INFOPLIST_KEY_UIApplicationSceneManifest_Generation = YES;
				INFOPLIST_KEY_UIApplicationSupportsIndirectInputEvents = YES;
				INFOPLIST_KEY_UILaunchScreen_Generation = YES;
				INFOPLIST_KEY_UISupportedInterfaceOrientations_iPad = "UIInterfaceOrientationPortrait UIInterfaceOrientationPortraitUpsideDown UIInterfaceOrientationLandscapeLeft UIInterfaceOrientationLandscapeRight";
				INFOPLIST_KEY_UISupportedInterfaceOrientations_iPhone = "UIInterfaceOrientationPortrait UIInterfaceOrientationLandscapeLeft UIInterfaceOrientationLandscapeRight";
				LD_RUNPATH_SEARCH_PATHS = (
					"$(inherited)",
					"@executable_path/Frameworks",
				);
				MARKETING_VERSION = 1.0;
				PRODUCT_BUNDLE_IDENTIFIER = "TobysLab.-0-20-20";
				PRODUCT_NAME = "$(TARGET_NAME)";
				SWIFT_EMIT_LOC_STRINGS = YES;
				SWIFT_VERSION = 5.0;
				TARGETED_DEVICE_FAMILY = "1,2";
			};
			name = Release;
		};
		FFA3D9EB2B76083400AA85C3 /* Debug */ = {
			isa = XCBuildConfiguration;
			buildSettings = {
				ALWAYS_EMBED_SWIFT_STANDARD_LIBRARIES = YES;
				BUNDLE_LOADER = "$(TEST_HOST)";
				CODE_SIGN_STYLE = Automatic;
				CURRENT_PROJECT_VERSION = 1;
				DEVELOPMENT_TEAM = W573MA4M87;
				GENERATE_INFOPLIST_FILE = YES;
				IPHONEOS_DEPLOYMENT_TARGET = 17.2;
				MARKETING_VERSION = 1.0;
				PRODUCT_BUNDLE_IDENTIFIER = "TobysLab.-0-20-20Tests";
				PRODUCT_NAME = "$(TARGET_NAME)";
				SWIFT_EMIT_LOC_STRINGS = NO;
				SWIFT_VERSION = 5.0;
				TARGETED_DEVICE_FAMILY = "1,2";
				TEST_HOST = "$(BUILT_PRODUCTS_DIR)/20-20-20.app/$(BUNDLE_EXECUTABLE_FOLDER_PATH)/20-20-20";
			};
			name = Debug;
		};
		FFA3D9EC2B76083400AA85C3 /* Release */ = {
			isa = XCBuildConfiguration;
			buildSettings = {
				ALWAYS_EMBED_SWIFT_STANDARD_LIBRARIES = YES;
				BUNDLE_LOADER = "$(TEST_HOST)";
				CODE_SIGN_STYLE = Automatic;
				CURRENT_PROJECT_VERSION = 1;
				DEVELOPMENT_TEAM = W573MA4M87;
				GENERATE_INFOPLIST_FILE = YES;
				IPHONEOS_DEPLOYMENT_TARGET = 17.2;
				MARKETING_VERSION = 1.0;
				PRODUCT_BUNDLE_IDENTIFIER = "TobysLab.-0-20-20Tests";
				PRODUCT_NAME = "$(TARGET_NAME)";
				SWIFT_EMIT_LOC_STRINGS = NO;
				SWIFT_VERSION = 5.0;
				TARGETED_DEVICE_FAMILY = "1,2";
				TEST_HOST = "$(BUILT_PRODUCTS_DIR)/20-20-20.app/$(BUNDLE_EXECUTABLE_FOLDER_PATH)/20-20-20";
			};
			name = Release;
		};
		FFA3D9EE2B76083400AA85C3 /* Debug */ = {
			isa = XCBuildConfiguration;
			buildSettings = {
				ALWAYS_EMBED_SWIFT_STANDARD_LIBRARIES = YES;
				CODE_SIGN_STYLE = Automatic;
				CURRENT_PROJECT_VERSION = 1;
				DEVELOPMENT_TEAM = W573MA4M87;
				GENERATE_INFOPLIST_FILE = YES;
				MARKETING_VERSION = 1.0;
				PRODUCT_BUNDLE_IDENTIFIER = "TobysLab.-0-20-20UITests";
				PRODUCT_NAME = "$(TARGET_NAME)";
				SWIFT_EMIT_LOC_STRINGS = NO;
				SWIFT_VERSION = 5.0;
				TARGETED_DEVICE_FAMILY = "1,2";
				TEST_TARGET_NAME = "20-20-20";
			};
			name = Debug;
		};
		FFA3D9EF2B76083400AA85C3 /* Release */ = {
			isa = XCBuildConfiguration;
			buildSettings = {
				ALWAYS_EMBED_SWIFT_STANDARD_LIBRARIES = YES;
				CODE_SIGN_STYLE = Automatic;
				CURRENT_PROJECT_VERSION = 1;
				DEVELOPMENT_TEAM = W573MA4M87;
				GENERATE_INFOPLIST_FILE = YES;
				MARKETING_VERSION = 1.0;
				PRODUCT_BUNDLE_IDENTIFIER = "TobysLab.-0-20-20UITests";
				PRODUCT_NAME = "$(TARGET_NAME)";
				SWIFT_EMIT_LOC_STRINGS = NO;
				SWIFT_VERSION = 5.0;
				TARGETED_DEVICE_FAMILY = "1,2";
				TEST_TARGET_NAME = "20-20-20";
			};
			name = Release;
		};
/* End XCBuildConfiguration section */

/* Begin XCConfigurationList section */
		FFA3D9BE2B76083200AA85C3 /* Build configuration list for PBXProject "20-20-20" */ = {
			isa = XCConfigurationList;
			buildConfigurations = (
				FFA3D9E52B76083400AA85C3 /* Debug */,
				FFA3D9E62B76083400AA85C3 /* Release */,
			);
			defaultConfigurationIsVisible = 0;
			defaultConfigurationName = Release;
		};
		FFA3D9E72B76083400AA85C3 /* Build configuration list for PBXNativeTarget "20-20-20" */ = {
			isa = XCConfigurationList;
			buildConfigurations = (
				FFA3D9E82B76083400AA85C3 /* Debug */,
				FFA3D9E92B76083400AA85C3 /* Release */,
			);
			defaultConfigurationIsVisible = 0;
			defaultConfigurationName = Release;
		};
		FFA3D9EA2B76083400AA85C3 /* Build configuration list for PBXNativeTarget "20-20-20Tests" */ = {
			isa = XCConfigurationList;
			buildConfigurations = (
				FFA3D9EB2B76083400AA85C3 /* Debug */,
				FFA3D9EC2B76083400AA85C3 /* Release */,
			);
			defaultConfigurationIsVisible = 0;
			defaultConfigurationName = Release;
		};
		FFA3D9ED2B76083400AA85C3 /* Build configuration list for PBXNativeTarget "20-20-20UITests" */ = {
			isa = XCConfigurationList;
			buildConfigurations = (
				FFA3D9EE2B76083400AA85C3 /* Debug */,
				FFA3D9EF2B76083400AA85C3 /* Release */,
			);
			defaultConfigurationIsVisible = 0;
			defaultConfigurationName = Release;
		};
/* End XCConfigurationList section */
	};
	rootObject = FFA3D9BB2B76083200AA85C3 /* Project object */;
}
